
Microsoft Visual Studio Solution File, Format Version 12.00
# Visual Studio Version 16
VisualStudioVersion = 16.0.31321.278
MinimumVisualStudioVersion = 10.0.40219.1
Project("{FAE04EC0-301F-11D3-BF4B-00C04F79EFBC}") = "asteroids", "asteroids.csproj", "{0A0FD147-2310-4A07-ACC5-3F9DB847C3ED}"
EndProject
Global
	GlobalSection(SolutionConfigurationPlatforms) = preSolution
		Debug|Any CPU = Debug|Any CPU
		Release|Any CPU = Release|Any CPU
	EndGlobalSection
	GlobalSection(ProjectConfigurationPlatforms) = postSolution
		{0A0FD147-2310-4A07-ACC5-3F9DB847C3ED}.Debug|Any CPU.ActiveCfg = Debug|Any CPU
		{0A0FD147-2310-4A07-ACC5-3F9DB847C3ED}.Debug|Any CPU.Build.0 = Debug|Any CPU
		{0A0FD147-2310-4A07-ACC5-3F9DB847C3ED}.Release|Any CPU.ActiveCfg = Release|Any CPU
		{0A0FD147-2310-4A07-ACC5-3F9DB847C3ED}.Release|Any CPU.Build.0 = Release|Any CPU
	EndGlobalSection
	GlobalSection(SolutionProperties) = preSolution
		HideSolutionNode = FALSE
	EndGlobalSection
	GlobalSection(ExtensibilityGlobals) = postSolution
		SolutionGuid = {09F3AD45-1F0D-4F39-A7FB-4D4E7C0D6339}
	EndGlobalSection
EndGlobal
